
Microsoft Visual Studio Solution File, Format Version 12.00
# Visual Studio Version 17
VisualStudioVersion = 17.2.32630.192
MinimumVisualStudioVersion = 10.0.40219.1
Project("{FAE04EC0-301F-11D3-BF4B-00C04F79EFBC}") = "asnaf", "asnaf\asnaf.csproj", "{EB71BFCC-8B37-4BE2-A033-AF79E2E0C748}"
EndProject
Global
	GlobalSection(SolutionConfigurationPlatforms) = preSolution
		Debug|Any CPU = Debug|Any CPU
		Release|Any CPU = Release|Any CPU
	EndGlobalSection
	GlobalSection(ProjectConfigurationPlatforms) = postSolution
		{EB71BFCC-8B37-4BE2-A033-AF79E2E0C748}.Debug|Any CPU.ActiveCfg = Debug|Any CPU
		{EB71BFCC-8B37-4BE2-A033-AF79E2E0C748}.Debug|Any CPU.Build.0 = Debug|Any CPU
		{EB71BFCC-8B37-4BE2-A033-AF79E2E0C748}.Release|Any CPU.ActiveCfg = Release|Any CPU
		{EB71BFCC-8B37-4BE2-A033-AF79E2E0C748}.Release|Any CPU.Build.0 = Release|Any CPU
	EndGlobalSection
	GlobalSection(SolutionProperties) = preSolution
		HideSolutionNode = FALSE
	EndGlobalSection
	GlobalSection(ExtensibilityGlobals) = postSolution
		SolutionGuid = {88DFD14D-1E34-4F4C-9493-91CE25CBD2BE}
	EndGlobalSection
EndGlobal
